
Microsoft Visual Studio Solution File, Format Version 12.00
# Visual Studio 2013
VisualStudioVersion = 12.0.21005.1
MinimumVisualStudioVersion = 10.0.40219.1
Project("{FAE04EC0-301F-11D3-BF4B-00C04F79EFBC}") = "MooSolution", "NSGASolution_WORKS1\MooSolution.csproj", "{528F3E23-C601-49B2-8F22-B585807374ED}"
EndProject
Project("{FAE04EC0-301F-11D3-BF4B-00C04F79EFBC}") = "JMetalCSharp", "\\vmware-host\Shared Folders\Desktop\Desktop\MIT\MIT _ Research\C# libraries\jMetal\Documents\JMetalCSharp.V05\JMetalCSharp\JMetalCSharp.csproj", "{88B27C90-4C97-43D5-99D2-E1437DA8D154}"
EndProject
Global
	GlobalSection(SolutionConfigurationPlatforms) = preSolution
		Debug|Any CPU = Debug|Any CPU
		Debug32|Any CPU = Debug32|Any CPU
		Debug64|Any CPU = Debug64|Any CPU
		Release|Any CPU = Release|Any CPU
	EndGlobalSection
	GlobalSection(ProjectConfigurationPlatforms) = postSolution
		{528F3E23-C601-49B2-8F22-B585807374ED}.Debug|Any CPU.ActiveCfg = Debug64|Any CPU
		{528F3E23-C601-49B2-8F22-B585807374ED}.Debug|Any CPU.Build.0 = Debug64|Any CPU
		{528F3E23-C601-49B2-8F22-B585807374ED}.Debug32|Any CPU.ActiveCfg = Debug32|Any CPU
		{528F3E23-C601-49B2-8F22-B585807374ED}.Debug32|Any CPU.Build.0 = Debug32|Any CPU
		{528F3E23-C601-49B2-8F22-B585807374ED}.Debug64|Any CPU.ActiveCfg = Debug64|Any CPU
		{528F3E23-C601-49B2-8F22-B585807374ED}.Debug64|Any CPU.Build.0 = Debug64|Any CPU
		{528F3E23-C601-49B2-8F22-B585807374ED}.Release|Any CPU.ActiveCfg = Release|Any CPU
		{528F3E23-C601-49B2-8F22-B585807374ED}.Release|Any CPU.Build.0 = Release|Any CPU
		{88B27C90-4C97-43D5-99D2-E1437DA8D154}.Debug|Any CPU.ActiveCfg = Debug|Any CPU
		{88B27C90-4C97-43D5-99D2-E1437DA8D154}.Debug|Any CPU.Build.0 = Debug|Any CPU
		{88B27C90-4C97-43D5-99D2-E1437DA8D154}.Debug32|Any CPU.ActiveCfg = Debug|Any CPU
		{88B27C90-4C97-43D5-99D2-E1437DA8D154}.Debug32|Any CPU.Build.0 = Debug|Any CPU
		{88B27C90-4C97-43D5-99D2-E1437DA8D154}.Debug64|Any CPU.ActiveCfg = Debug|Any CPU
		{88B27C90-4C97-43D5-99D2-E1437DA8D154}.Debug64|Any CPU.Build.0 = Debug|Any CPU
		{88B27C90-4C97-43D5-99D2-E1437DA8D154}.Release|Any CPU.ActiveCfg = Release|Any CPU
		{88B27C90-4C97-43D5-99D2-E1437DA8D154}.Release|Any CPU.Build.0 = Release|Any CPU
	EndGlobalSection
	GlobalSection(SolutionProperties) = preSolution
		HideSolutionNode = FALSE
	EndGlobalSection
EndGlobal
